
Microsoft Visual Studio Solution File, Format Version 12.00
# Visual Studio Version 16
VisualStudioVersion = 16.0.30225.117
MinimumVisualStudioVersion = 10.0.40219.1
Project("{E24C65DC-7377-472B-9ABA-BC803B73C61A}") = "Tic Tac Toe Game", ".", "{D95A0E52-261B-45BE-9171-93CA60DB2ED8}"
	ProjectSection(WebsiteProperties) = preProject
		TargetFrameworkMoniker = ".NETFramework,Version%3Dv4.0"
		Debug.AspNetCompiler.VirtualPath = "/localhost_65029"
		Debug.AspNetCompiler.PhysicalPath = "..\Tic Tac Toe Game\"
		Debug.AspNetCompiler.TargetPath = "PrecompiledWeb\localhost_65029\"
		Debug.AspNetCompiler.Updateable = "true"
		Debug.AspNetCompiler.ForceOverwrite = "true"
		Debug.AspNetCompiler.FixedNames = "false"
		Debug.AspNetCompiler.Debug = "True"
		Release.AspNetCompiler.VirtualPath = "/localhost_65029"
		Release.AspNetCompiler.PhysicalPath = "..\Tic Tac Toe Game\"
		Release.AspNetCompiler.TargetPath = "PrecompiledWeb\localhost_65029\"
		Release.AspNetCompiler.Updateable = "true"
		Release.AspNetCompiler.ForceOverwrite = "true"
		Release.AspNetCompiler.FixedNames = "false"
		Release.AspNetCompiler.Debug = "False"
		VWDPort = "65029"
		SlnRelativePath = "..\Tic Tac Toe Game\"
	EndProjectSection
EndProject
Global
	GlobalSection(SolutionConfigurationPlatforms) = preSolution
		Debug|Any CPU = Debug|Any CPU
	EndGlobalSection
	GlobalSection(ProjectConfigurationPlatforms) = postSolution
		{D95A0E52-261B-45BE-9171-93CA60DB2ED8}.Debug|Any CPU.ActiveCfg = Debug|Any CPU
		{D95A0E52-261B-45BE-9171-93CA60DB2ED8}.Debug|Any CPU.Build.0 = Debug|Any CPU
	EndGlobalSection
	GlobalSection(SolutionProperties) = preSolution
		HideSolutionNode = FALSE
	EndGlobalSection
	GlobalSection(ExtensibilityGlobals) = postSolution
		SolutionGuid = {14EF7904-093E-4845-B372-16F9B9B29017}
	EndGlobalSection
EndGlobal
